
Microsoft Visual Studio Solution File, Format Version 12.00
# Visual Studio Version 17
VisualStudioVersion = 17.9.34616.47
MinimumVisualStudioVersion = 10.0.40219.1
Project("{9A19103F-16F7-4668-BE54-9A1E7A4F7556}") = "PlacePlays.WebApi", "PlacePlays.WebApi\PlacePlays.WebApi.csproj", "{C17B406A-2809-4657-A5C1-FAA860424368}"
EndProject
Project("{9A19103F-16F7-4668-BE54-9A1E7A4F7556}") = "PlacePlays.Infrastructure", "PlacePlays.Infrastructure\PlacePlays.Infrastructure.csproj", "{4A75BD6C-B41C-479C-A8CC-76466354D428}"
EndProject
Project("{9A19103F-16F7-4668-BE54-9A1E7A4F7556}") = "PlacePlays.Application", "PlacePlays.Application\PlacePlays.Application.csproj", "{E89E3A1D-9E0A-4CDA-820B-F5FE893CF1F4}"
EndProject
Project("{9A19103F-16F7-4668-BE54-9A1E7A4F7556}") = "PlacePlays.Mobile", "PlacePlays.Mobile\PlacePlays.Mobile.csproj", "{9FA30991-D782-4C8D-A577-22EA1D0F3BA3}"
EndProject
Global
	GlobalSection(SolutionConfigurationPlatforms) = preSolution
		Debug|Any CPU = Debug|Any CPU
		Release|Any CPU = Release|Any CPU
	EndGlobalSection
	GlobalSection(ProjectConfigurationPlatforms) = postSolution
		{C17B406A-2809-4657-A5C1-FAA860424368}.Debug|Any CPU.ActiveCfg = Debug|Any CPU
		{C17B406A-2809-4657-A5C1-FAA860424368}.Debug|Any CPU.Build.0 = Debug|Any CPU
		{C17B406A-2809-4657-A5C1-FAA860424368}.Release|Any CPU.ActiveCfg = Release|Any CPU
		{C17B406A-2809-4657-A5C1-FAA860424368}.Release|Any CPU.Build.0 = Release|Any CPU
		{4A75BD6C-B41C-479C-A8CC-76466354D428}.Debug|Any CPU.ActiveCfg = Debug|Any CPU
		{4A75BD6C-B41C-479C-A8CC-76466354D428}.Debug|Any CPU.Build.0 = Debug|Any CPU
		{4A75BD6C-B41C-479C-A8CC-76466354D428}.Release|Any CPU.ActiveCfg = Release|Any CPU
		{4A75BD6C-B41C-479C-A8CC-76466354D428}.Release|Any CPU.Build.0 = Release|Any CPU
		{E89E3A1D-9E0A-4CDA-820B-F5FE893CF1F4}.Debug|Any CPU.ActiveCfg = Debug|Any CPU
		{E89E3A1D-9E0A-4CDA-820B-F5FE893CF1F4}.Debug|Any CPU.Build.0 = Debug|Any CPU
		{E89E3A1D-9E0A-4CDA-820B-F5FE893CF1F4}.Release|Any CPU.ActiveCfg = Release|Any CPU
		{E89E3A1D-9E0A-4CDA-820B-F5FE893CF1F4}.Release|Any CPU.Build.0 = Release|Any CPU
		{9FA30991-D782-4C8D-A577-22EA1D0F3BA3}.Debug|Any CPU.ActiveCfg = Debug|Any CPU
		{9FA30991-D782-4C8D-A577-22EA1D0F3BA3}.Debug|Any CPU.Build.0 = Debug|Any CPU
		{9FA30991-D782-4C8D-A577-22EA1D0F3BA3}.Release|Any CPU.ActiveCfg = Release|Any CPU
		{9FA30991-D782-4C8D-A577-22EA1D0F3BA3}.Release|Any CPU.Build.0 = Release|Any CPU
	EndGlobalSection
	GlobalSection(SolutionProperties) = preSolution
		HideSolutionNode = FALSE
	EndGlobalSection
	GlobalSection(ExtensibilityGlobals) = postSolution
		SolutionGuid = {A295937A-F656-4595-B1A9-4A41FF3F9819}
	EndGlobalSection
EndGlobal
