
Microsoft Visual Studio Solution File, Format Version 12.00
Project("{FAE04EC0-301F-11D3-BF4B-00C04F79EFBC}") = "PlacePlays.WebApi", "PlacePlays.WebApi\PlacePlays.WebApi.csproj", "{C17B406A-2809-4657-A5C1-FAA860424368}"
EndProject
Project("{FAE04EC0-301F-11D3-BF4B-00C04F79EFBC}") = "PlacePlays.Mobile", "PlacePlays.Mobile\PlacePlays.Mobile.csproj", "{07244467-5786-4518-9EB6-451B860F2B19}"
EndProject
Project("{FAE04EC0-301F-11D3-BF4B-00C04F79EFBC}") = "PlacePlays.Infrastructure", "PlacePlays.Infrastructure\PlacePlays.Infrastructure.csproj", "{4A75BD6C-B41C-479C-A8CC-76466354D428}"
EndProject
Project("{FAE04EC0-301F-11D3-BF4B-00C04F79EFBC}") = "PlacePlays.Application", "PlacePlays.Application\PlacePlays.Application.csproj", "{E89E3A1D-9E0A-4CDA-820B-F5FE893CF1F4}"
EndProject
Global
	GlobalSection(SolutionConfigurationPlatforms) = preSolution
		Debug|Any CPU = Debug|Any CPU
		Release|Any CPU = Release|Any CPU
	EndGlobalSection
	GlobalSection(ProjectConfigurationPlatforms) = postSolution
		{C17B406A-2809-4657-A5C1-FAA860424368}.Debug|Any CPU.ActiveCfg = Debug|Any CPU
		{C17B406A-2809-4657-A5C1-FAA860424368}.Debug|Any CPU.Build.0 = Debug|Any CPU
		{C17B406A-2809-4657-A5C1-FAA860424368}.Release|Any CPU.ActiveCfg = Release|Any CPU
		{C17B406A-2809-4657-A5C1-FAA860424368}.Release|Any CPU.Build.0 = Release|Any CPU
		{07244467-5786-4518-9EB6-451B860F2B19}.Debug|Any CPU.ActiveCfg = Debug|Any CPU
		{07244467-5786-4518-9EB6-451B860F2B19}.Debug|Any CPU.Build.0 = Debug|Any CPU
		{07244467-5786-4518-9EB6-451B860F2B19}.Release|Any CPU.ActiveCfg = Release|Any CPU
		{07244467-5786-4518-9EB6-451B860F2B19}.Release|Any CPU.Build.0 = Release|Any CPU
		{4A75BD6C-B41C-479C-A8CC-76466354D428}.Debug|Any CPU.ActiveCfg = Debug|Any CPU
		{4A75BD6C-B41C-479C-A8CC-76466354D428}.Debug|Any CPU.Build.0 = Debug|Any CPU
		{4A75BD6C-B41C-479C-A8CC-76466354D428}.Release|Any CPU.ActiveCfg = Release|Any CPU
		{4A75BD6C-B41C-479C-A8CC-76466354D428}.Release|Any CPU.Build.0 = Release|Any CPU
		{E89E3A1D-9E0A-4CDA-820B-F5FE893CF1F4}.Debug|Any CPU.ActiveCfg = Debug|Any CPU
		{E89E3A1D-9E0A-4CDA-820B-F5FE893CF1F4}.Debug|Any CPU.Build.0 = Debug|Any CPU
		{E89E3A1D-9E0A-4CDA-820B-F5FE893CF1F4}.Release|Any CPU.ActiveCfg = Release|Any CPU
		{E89E3A1D-9E0A-4CDA-820B-F5FE893CF1F4}.Release|Any CPU.Build.0 = Release|Any CPU
	EndGlobalSection
EndGlobal
